<?xml version="1.0" encoding="utf-8"?>
<Project ToolsVersion="4.0" xmlns="http://schemas.microsoft.com/developer/msbuild/2003">
  <ItemGroup>
    <Filter Include="Kernel">
      <UniqueIdentifier>{f03d60f1-c8cb-4df1-a3bb-26cab1af85af}</UniqueIdentifier>
    </Filter>
    <Filter Include="Headers">
      <UniqueIdentifier>{d36ae76c-e24d-46d8-9f2c-d135ead06501}</UniqueIdentifier>
    </Filter>
    <Filter Include="Skinning">
      <UniqueIdentifier>{36a84a86-07fb-49ce-89d2-ab269b9c5e83}</UniqueIdentifier>
    </Filter>
    <Filter Include="Resources">
      <UniqueIdentifier>{da0fd4a8-9ea2-44c0-ad2d-226cc8534a64}</UniqueIdentifier>
    </Filter>
    <Filter Include="TTAPI">
      <UniqueIdentifier>{4ae20b82-d61e-43e9-8799-3701bab4d791}</UniqueIdentifier>
    </Filter>
    <Filter Include="PLC">
      <UniqueIdentifier>{44333182-cb8e-4ee6-b41d-75f532cfbb96}</UniqueIdentifier>
    </Filter>
  </ItemGroup>
  <ItemGroup>
    <ClCompile Include="StdAfx.cpp">
      <Filter>Kernel</Filter>
    </ClCompile>
    <ClCompile Include="xrCPU_Pipe.cpp">
      <Filter>Kernel</Filter>
    </ClCompile>
    <ClCompile Include="xrSkin2W.cpp">
      <Filter>Skinning</Filter>
    </ClCompile>
    <ClCompile Include="xrSkin2W_SSE.cpp">
      <Filter>Skinning</Filter>
    </ClCompile>
    <ClCompile Include="xrSkin2W_thread.cpp">
      <Filter>Skinning</Filter>
    </ClCompile>
    <ClCompile Include="ttapi.cpp">
      <Filter>TTAPI</Filter>
    </ClCompile>
    <ClCompile Include="PLC.cpp">
      <Filter>PLC</Filter>
    </ClCompile>
  </ItemGroup>
  <ItemGroup>
    <ClInclude Include="StdAfx.h">
      <Filter>Headers</Filter>
    </ClInclude>
    <ClInclude Include="xrCPU_Pipe.h">
      <Filter>Headers</Filter>
    </ClInclude>
    <ClInclude Include="resource.h">
      <Filter>Resources</Filter>
    </ClInclude>
    <ClInclude Include="ttapi.h">
      <Filter>TTAPI</Filter>
    </ClInclude>
  </ItemGroup>
  <ItemGroup>
    <ResourceCompile Include="xrCPU_Pipe.rc">
      <Filter>Resources</Filter>
    </ResourceCompile>
  </ItemGroup>
</Project>