<?xml version="1.0" encoding="utf-8"?>
<Project ToolsVersion="4.0" xmlns="http://schemas.microsoft.com/developer/msbuild/2003">
  <ItemGroup>
    <Filter Include="kernel">
      <UniqueIdentifier>{5e7f1f0b-2ed1-4e91-9bbd-57917c596224}</UniqueIdentifier>
    </Filter>
    <Filter Include="interface">
      <UniqueIdentifier>{8d8a85a4-2231-46e6-82c5-96ba0dc95db8}</UniqueIdentifier>
    </Filter>
    <Filter Include="interface\shell">
      <UniqueIdentifier>{b78d94ab-4217-4e67-b371-a051e9dc208b}</UniqueIdentifier>
    </Filter>
    <Filter Include="interface\character_movement">
      <UniqueIdentifier>{3d0eb1e0-cb52-4e8a-9701-7b573a0dd62d}</UniqueIdentifier>
    </Filter>
    <Filter Include="interface\world">
      <UniqueIdentifier>{26576ca9-4c51-410f-a617-a03586029a42}</UniqueIdentifier>
    </Filter>
    <Filter Include="physics">
      <UniqueIdentifier>{978b8e92-81bc-46d5-9e47-bfa87523cbcc}</UniqueIdentifier>
    </Filter>
    <Filter Include="physics\colliders">
      <UniqueIdentifier>{55b29562-4d63-47c0-beda-afc3331839f8}</UniqueIdentifier>
    </Filter>
    <Filter Include="physics\colliders\tri">
      <UniqueIdentifier>{27e2465b-e51f-4784-99c8-6c123556f2bb}</UniqueIdentifier>
    </Filter>
    <Filter Include="physics\colliders\cyl">
      <UniqueIdentifier>{58fcfae8-05ae-4527-9b09-58e187f5f767}</UniqueIdentifier>
    </Filter>
    <Filter Include="physics\colliders\RayMotions">
      <UniqueIdentifier>{be5e44d8-0085-4804-8ba8-90cc5e3760a7}</UniqueIdentifier>
    </Filter>
    <Filter Include="physics\ActivationBox">
      <UniqueIdentifier>{9053e09e-6d35-4475-b5ad-9476f13210e9}</UniqueIdentifier>
    </Filter>
    <Filter Include="physics\Base">
      <UniqueIdentifier>{696a4cd1-09e4-46f2-8d28-32d7e2b83d50}</UniqueIdentifier>
    </Filter>
    <Filter Include="physics\Base\Objects">
      <UniqueIdentifier>{dbe8131c-3de5-408c-bf93-18fcf05d9ff5}</UniqueIdentifier>
    </Filter>
    <Filter Include="physics\Base\Objects\Utils">
      <UniqueIdentifier>{5609f016-664b-413d-bfc8-63e4745332a7}</UniqueIdentifier>
    </Filter>
    <Filter Include="physics\Base\Objects\Utils\Interpolation">
      <UniqueIdentifier>{8ae098e3-bb4c-49ac-afed-024e540059ea}</UniqueIdentifier>
    </Filter>
    <Filter Include="physics\Base\Objects\Utils\Storage">
      <UniqueIdentifier>{f5b9cd74-8b98-474d-8650-4315c94994fb}</UniqueIdentifier>
    </Filter>
    <Filter Include="physics\Base\Objects\Utils\Math">
      <UniqueIdentifier>{c2194481-f192-4e19-81ac-016a19da29c5}</UniqueIdentifier>
    </Filter>
    <Filter Include="physics\Base\Objects\BodyEffectors">
      <UniqueIdentifier>{d0ae32f1-7409-4a91-9dc7-9f2209ded019}</UniqueIdentifier>
    </Filter>
    <Filter Include="physics\Base\Objects\PHNet">
      <UniqueIdentifier>{b4131e8d-5c79-449b-ba6b-0de0d6fac75a}</UniqueIdentifier>
    </Filter>
    <Filter Include="physics\Base\Objects\MoveStorage">
      <UniqueIdentifier>{e19c82ac-56cb-42f7-b348-fe1d8449d5b0}</UniqueIdentifier>
    </Filter>
    <Filter Include="physics\Base\Objects\Disabling">
      <UniqueIdentifier>{f0e20aa9-53d5-44ef-97a6-754ac29676dd}</UniqueIdentifier>
    </Filter>
    <Filter Include="physics\Base\Objects\PhyMove">
      <UniqueIdentifier>{ad992d71-c574-4a90-bcc3-18d40487f802}</UniqueIdentifier>
    </Filter>
    <Filter Include="physics\Base\Objects\PhyMove\ActorCaracter">
      <UniqueIdentifier>{8bd5523a-080a-46a6-9868-cb00263f1d08}</UniqueIdentifier>
    </Filter>
    <Filter Include="physics\Base\Objects\PhyMove\AICharacter">
      <UniqueIdentifier>{c6a9e59c-8ead-4676-b743-5efaeb929f2b}</UniqueIdentifier>
    </Filter>
    <Filter Include="physics\Base\Objects\PhyMove\Capture">
      <UniqueIdentifier>{79309a4b-2f22-48ca-a3a2-0ce03b32e070}</UniqueIdentifier>
    </Filter>
    <Filter Include="physics\Base\Objects\PhyMove\SipmpleCharacter">
      <UniqueIdentifier>{e37aeace-6a03-48e9-b178-e11b962509e3}</UniqueIdentifier>
    </Filter>
    <Filter Include="physics\Base\Objects\PhyMove\BaseCharacter">
      <UniqueIdentifier>{678ab8bd-6a37-439c-bff0-c81f58ce4001}</UniqueIdentifier>
    </Filter>
    <Filter Include="physics\Base\Objects\BaseShell">
      <UniqueIdentifier>{6b48b27f-cf9a-47a5-911e-315f2392eac1}</UniqueIdentifier>
    </Filter>
    <Filter Include="physics\Base\Objects\BaseShell\PhysicsShellAnimator">
      <UniqueIdentifier>{1e515a88-40dd-409d-9574-1c4e62805986}</UniqueIdentifier>
    </Filter>
    <Filter Include="physics\Base\Objects\Element">
      <UniqueIdentifier>{30d35c36-9f5c-4ef6-8ae2-81de880874ea}</UniqueIdentifier>
    </Filter>
    <Filter Include="physics\Base\Objects\Element\Geom">
      <UniqueIdentifier>{a110216e-9bbc-46ae-92d7-a7dcf9399feb}</UniqueIdentifier>
    </Filter>
    <Filter Include="physics\Base\Objects\Joint">
      <UniqueIdentifier>{9f9bde36-5019-4fb3-91b8-34ff0179baf2}</UniqueIdentifier>
    </Filter>
    <Filter Include="physics\Base\Objects\Shell">
      <UniqueIdentifier>{45415e86-3877-4901-84b1-b9d798be4af7}</UniqueIdentifier>
    </Filter>
    <Filter Include="physics\Base\Objects\Breakable">
      <UniqueIdentifier>{ac2db0e9-b6bf-468e-b357-15b334f23829}</UniqueIdentifier>
    </Filter>
    <Filter Include="physics\Base\Objects\SplitedShell">
      <UniqueIdentifier>{86a9be67-92a0-447b-a6b6-8b8382476e71}</UniqueIdentifier>
    </Filter>
    <Filter Include="physics\Base\Objects\PHObject">
      <UniqueIdentifier>{91faea48-97e9-4ce8-8d17-6f22bb8e3843}</UniqueIdentifier>
    </Filter>
    <Filter Include="physics\Base\Objects\PHIsland">
      <UniqueIdentifier>{24af5254-e5af-4216-a7fe-09427fd7768f}</UniqueIdentifier>
    </Filter>
    <Filter Include="physics\Base\Objects\World">
      <UniqueIdentifier>{957d86cf-147f-4508-a53a-cf52ba2dad0a}</UniqueIdentifier>
    </Filter>
    <Filter Include="physics\Base\Objects\CollideValidator">
      <UniqueIdentifier>{864c28a7-5d5b-4f48-9ba9-fa68a58295ad}</UniqueIdentifier>
    </Filter>
    <Filter Include="physics\Base\Objects\StaticShell">
      <UniqueIdentifier>{05cbd3b5-3626-4934-9585-3f3c1f4efe5d}</UniqueIdentifier>
    </Filter>
    <Filter Include="physics\Base\Objects\script">
      <UniqueIdentifier>{4bb3e9b7-b980-4628-9842-f933a5f4b0f6}</UniqueIdentifier>
    </Filter>
    <Filter Include="physics\Base\Impact">
      <UniqueIdentifier>{5cd64825-a11f-49c7-8016-a7b9ea760204}</UniqueIdentifier>
    </Filter>
    <Filter Include="physics\Base\Debug">
      <UniqueIdentifier>{9de9f341-a2cd-4bf9-90f6-010cba30c187}</UniqueIdentifier>
    </Filter>
    <Filter Include="physics\camera_collision">
      <UniqueIdentifier>{5a2a33e2-fab6-42d1-bd20-be89fd3b427a}</UniqueIdentifier>
    </Filter>
    <Filter Include="physics\damage_receiver">
      <UniqueIdentifier>{4ab32d4c-6cb4-499b-abc1-afbd02393407}</UniqueIdentifier>
    </Filter>
  </ItemGroup>
  <ItemGroup>
    <ClCompile Include="stdafx.cpp">
      <Filter>kernel</Filter>
    </ClCompile>
    <ClCompile Include="xrPhysics.cpp">
      <Filter>kernel</Filter>
    </ClCompile>
    <ClCompile Include="console_vars.cpp">
      <Filter>physics</Filter>
    </ClCompile>
    <ClCompile Include="ShellHit.cpp">
      <Filter>physics</Filter>
    </ClCompile>
    <ClCompile Include="tri-colliderknoopc\dcTriListCollider.cpp">
      <Filter>physics\colliders\tri</Filter>
    </ClCompile>
    <ClCompile Include="tri-colliderknoopc\dSortTriPrimitive.cpp">
      <Filter>physics\colliders\tri</Filter>
    </ClCompile>
    <ClCompile Include="tri-colliderknoopc\dTriBox.cpp">
      <Filter>physics\colliders\tri</Filter>
    </ClCompile>
    <ClCompile Include="tri-colliderknoopc\dTriCallideK.cpp">
      <Filter>physics\colliders\tri</Filter>
    </ClCompile>
    <ClCompile Include="tri-colliderknoopc\dTriCylinder.cpp">
      <Filter>physics\colliders\tri</Filter>
    </ClCompile>
    <ClCompile Include="tri-colliderknoopc\dTriList.cpp">
      <Filter>physics\colliders\tri</Filter>
    </ClCompile>
    <ClCompile Include="tri-colliderknoopc\dTriSphere.cpp">
      <Filter>physics\colliders\tri</Filter>
    </ClCompile>
    <ClCompile Include="dcylinder\dCylinder.cpp">
      <Filter>physics\colliders\cyl</Filter>
    </ClCompile>
    <ClCompile Include="dRayMotions.cpp">
      <Filter>physics\colliders\RayMotions</Filter>
    </ClCompile>
    <ClCompile Include="IActivationShape.cpp">
      <Filter>physics\ActivationBox</Filter>
    </ClCompile>
    <ClCompile Include="PHActivationShape.cpp">
      <Filter>physics\ActivationBox</Filter>
    </ClCompile>
    <ClCompile Include="PhysicsExternalCommon.cpp">
      <Filter>physics\Base</Filter>
    </ClCompile>
    <ClCompile Include="phvalide.cpp">
      <Filter>physics\Base\Objects\Utils</Filter>
    </ClCompile>
    <ClCompile Include="PHInterpolation.cpp">
      <Filter>physics\Base\Objects\Utils\Interpolation</Filter>
    </ClCompile>
    <ClCompile Include="MathUtils.cpp">
      <Filter>physics\Base\Objects\Utils\Math</Filter>
    </ClCompile>
    <ClCompile Include="PHDynamicData.cpp">
      <Filter>physics\Base\Objects\Utils\Math</Filter>
    </ClCompile>
    <ClCompile Include="PHContactBodyEffector.cpp">
      <Filter>physics\Base\Objects\BodyEffectors</Filter>
    </ClCompile>
    <ClCompile Include="..\xrServerEntities\PHNetState.cpp">
      <Filter>physics\Base\Objects\PHNet</Filter>
    </ClCompile>
    <ClCompile Include="PHMoveStorage.cpp">
      <Filter>physics\Base\Objects\MoveStorage</Filter>
    </ClCompile>
    <ClCompile Include="DisablingParams.cpp">
      <Filter>physics\Base\Objects\Disabling</Filter>
    </ClCompile>
    <ClCompile Include="PHDisabling.cpp">
      <Filter>physics\Base\Objects\Disabling</Filter>
    </ClCompile>
    <ClCompile Include="PHActorCharacter.cpp">
      <Filter>physics\Base\Objects\PhyMove\ActorCaracter</Filter>
    </ClCompile>
    <ClCompile Include="PHAICharacter.cpp">
      <Filter>physics\Base\Objects\PhyMove\AICharacter</Filter>
    </ClCompile>
    <ClCompile Include="PHCapture.cpp">
      <Filter>physics\Base\Objects\PhyMove\Capture</Filter>
    </ClCompile>
    <ClCompile Include="PHCaptureInit.cpp">
      <Filter>physics\Base\Objects\PhyMove\Capture</Filter>
    </ClCompile>
    <ClCompile Include="ElevatorState.cpp">
      <Filter>physics\Base\Objects\PhyMove\SipmpleCharacter</Filter>
    </ClCompile>
    <ClCompile Include="PHSimpleCharacter.cpp">
      <Filter>physics\Base\Objects\PhyMove\SipmpleCharacter</Filter>
    </ClCompile>
    <ClCompile Include="MovementBoxDynamicActivate.cpp">
      <Filter>physics\Base\Objects\PhyMove\BaseCharacter</Filter>
    </ClCompile>
    <ClCompile Include="PHCharacter.cpp">
      <Filter>physics\Base\Objects\PhyMove\BaseCharacter</Filter>
    </ClCompile>
    <ClCompile Include="PhysicsShell.cpp">
      <Filter>physics\Base\Objects\BaseShell</Filter>
    </ClCompile>
    <ClCompile Include="PhysicsShellAnimator.cpp">
      <Filter>physics\Base\Objects\BaseShell\PhysicsShellAnimator</Filter>
    </ClCompile>
    <ClCompile Include="PHElement.cpp">
      <Filter>physics\Base\Objects\Element</Filter>
    </ClCompile>
    <ClCompile Include="PHElementNetState.cpp">
      <Filter>physics\Base\Objects\Element</Filter>
    </ClCompile>
    <ClCompile Include="ExtendedGeom.cpp">
      <Filter>physics\Base\Objects\Element\Geom</Filter>
    </ClCompile>
    <ClCompile Include="Geometry.cpp">
      <Filter>physics\Base\Objects\Element\Geom</Filter>
    </ClCompile>
    <ClCompile Include="PHGeometryOwner.cpp">
      <Filter>physics\Base\Objects\Element\Geom</Filter>
    </ClCompile>
    <ClCompile Include="PHJoint.cpp">
      <Filter>physics\Base\Objects\Joint</Filter>
    </ClCompile>
    <ClCompile Include="PHShell.cpp">
      <Filter>physics\Base\Objects\Shell</Filter>
    </ClCompile>
    <ClCompile Include="PHShellActivate.cpp">
      <Filter>physics\Base\Objects\Shell</Filter>
    </ClCompile>
    <ClCompile Include="PHShellNetState.cpp">
      <Filter>physics\Base\Objects\Shell</Filter>
    </ClCompile>
    <ClCompile Include="PHFracture.cpp">
      <Filter>physics\Base\Objects\Breakable</Filter>
    </ClCompile>
    <ClCompile Include="PHJointDestroyInfo.cpp">
      <Filter>physics\Base\Objects\Breakable</Filter>
    </ClCompile>
    <ClCompile Include="PHShellSplitter.cpp">
      <Filter>physics\Base\Objects\Breakable</Filter>
    </ClCompile>
    <ClCompile Include="PHSplitedShell.cpp">
      <Filter>physics\Base\Objects\SplitedShell</Filter>
    </ClCompile>
    <ClCompile Include="PHObject.cpp">
      <Filter>physics\Base\Objects\PHObject</Filter>
    </ClCompile>
    <ClCompile Include="PHIsland.cpp">
      <Filter>physics\Base\Objects\PHIsland</Filter>
    </ClCompile>
    <ClCompile Include="GeometryBits.cpp">
      <Filter>physics\Base\Objects\World</Filter>
    </ClCompile>
    <ClCompile Include="params.cpp">
      <Filter>physics\Base\Objects\World</Filter>
    </ClCompile>
    <ClCompile Include="PHWorld.cpp">
      <Filter>physics\Base\Objects\World</Filter>
    </ClCompile>
    <ClCompile Include="Physics.cpp">
      <Filter>physics\Base\Objects\World</Filter>
    </ClCompile>
    <ClCompile Include="PHCollideValidator.cpp">
      <Filter>physics\Base\Objects\CollideValidator</Filter>
    </ClCompile>
    <ClCompile Include="PHStaticGeomShell.cpp">
      <Filter>physics\Base\Objects\StaticShell</Filter>
    </ClCompile>
    <ClCompile Include="physics_scripted.cpp">
      <Filter>physics\Base\Objects\script</Filter>
    </ClCompile>
    <ClCompile Include="debug_output.cpp">
      <Filter>physics\Base\Debug</Filter>
    </ClCompile>
    <ClCompile Include="ActorCameraCollision.cpp">
      <Filter>physics\camera_collision</Filter>
    </ClCompile>
    <ClCompile Include="collisiondamagereceiver.cpp">
      <Filter>physics\damage_receiver</Filter>
    </ClCompile>
  </ItemGroup>
  <ItemGroup>
    <ClInclude Include="stdafx.h">
      <Filter>kernel</Filter>
    </ClInclude>
    <ClInclude Include="xrPhysics.h">
      <Filter>kernel</Filter>
    </ClInclude>
    <ClInclude Include="console_vars.h">
      <Filter>physics</Filter>
    </ClInclude>
    <ClInclude Include="tri-colliderknoopc\__aabb_tri.h">
      <Filter>physics\colliders\tri</Filter>
    </ClInclude>
    <ClInclude Include="tri-colliderknoopc\dcTriangle.h">
      <Filter>physics\colliders\tri</Filter>
    </ClInclude>
    <ClInclude Include="tri-colliderknoopc\dcTriListCollider.h">
      <Filter>physics\colliders\tri</Filter>
    </ClInclude>
    <ClInclude Include="tri-colliderknoopc\dSortTriPrimitive.h">
      <Filter>physics\colliders\tri</Filter>
    </ClInclude>
    <ClInclude Include="tri-colliderknoopc\dTriBox.h">
      <Filter>physics\colliders\tri</Filter>
    </ClInclude>
    <ClInclude Include="tri-colliderknoopc\dTriCollideK.h">
      <Filter>physics\colliders\tri</Filter>
    </ClInclude>
    <ClInclude Include="tri-colliderknoopc\dTriColliderCommon.h">
      <Filter>physics\colliders\tri</Filter>
    </ClInclude>
    <ClInclude Include="tri-colliderknoopc\dTriColliderMath.h">
      <Filter>physics\colliders\tri</Filter>
    </ClInclude>
    <ClInclude Include="tri-colliderknoopc\dTriCylinder.h">
      <Filter>physics\colliders\tri</Filter>
    </ClInclude>
    <ClInclude Include="tri-colliderknoopc\dTriList.h">
      <Filter>physics\colliders\tri</Filter>
    </ClInclude>
    <ClInclude Include="tri-colliderknoopc\dTriSphere.h">
      <Filter>physics\colliders\tri</Filter>
    </ClInclude>
    <ClInclude Include="tri-colliderknoopc\dxTriList.h">
      <Filter>physics\colliders\tri</Filter>
    </ClInclude>
    <ClInclude Include="tri-colliderknoopc\TriPrimitiveCollideClassDef.h">
      <Filter>physics\colliders\tri</Filter>
    </ClInclude>
    <ClInclude Include="dcylinder\dCylinder.h">
      <Filter>physics\colliders\cyl</Filter>
    </ClInclude>
    <ClInclude Include="dRayMotions.h">
      <Filter>physics\colliders\RayMotions</Filter>
    </ClInclude>
    <ClInclude Include="IActivationShape.h">
      <Filter>physics\ActivationBox</Filter>
    </ClInclude>
    <ClInclude Include="PHActivationShape.h">
      <Filter>physics\ActivationBox</Filter>
    </ClInclude>
    <ClInclude Include="DamageSource.h">
      <Filter>physics\Base</Filter>
    </ClInclude>
    <ClInclude Include="ode_include.h">
      <Filter>physics\Base</Filter>
    </ClInclude>
    <ClInclude Include="ode_redefine.h">
      <Filter>physics\Base</Filter>
    </ClInclude>
    <ClInclude Include="PhysicsCommon.h">
      <Filter>physics\Base</Filter>
    </ClInclude>
    <ClInclude Include="PhysicsExternalCommon.h">
      <Filter>physics\Base</Filter>
    </ClInclude>
    <ClInclude Include="PHDefs.h">
      <Filter>physics\Base\Objects</Filter>
    </ClInclude>
    <ClInclude Include="ph_valid_ode.h">
      <Filter>physics\Base\Objects\Utils</Filter>
    </ClInclude>
    <ClInclude Include="phvalide.h">
      <Filter>physics\Base\Objects\Utils</Filter>
    </ClInclude>
    <ClInclude Include="PHValideValues.h">
      <Filter>physics\Base\Objects\Utils</Filter>
    </ClInclude>
    <ClInclude Include="PHInterpolation.h">
      <Filter>physics\Base\Objects\Utils\Interpolation</Filter>
    </ClInclude>
    <ClInclude Include="BlockAllocator.h">
      <Filter>physics\Base\Objects\Utils\Storage</Filter>
    </ClInclude>
    <ClInclude Include="CycleConstStorage.h">
      <Filter>physics\Base\Objects\Utils\Storage</Filter>
    </ClInclude>
    <ClInclude Include="CalculateTriangle.h">
      <Filter>physics\Base\Objects\Utils\Math</Filter>
    </ClInclude>
    <ClInclude Include="MathUtils.h">
      <Filter>physics\Base\Objects\Utils\Math</Filter>
    </ClInclude>
    <ClInclude Include="MathUtilsOde.h">
      <Filter>physics\Base\Objects\Utils\Math</Filter>
    </ClInclude>
    <ClInclude Include="matrix_utils.h">
      <Filter>physics\Base\Objects\Utils\Math</Filter>
    </ClInclude>
    <ClInclude Include="PHDynamicData.h">
      <Filter>physics\Base\Objects\Utils\Math</Filter>
    </ClInclude>
    <ClInclude Include="PHBaseBodyEffector.h">
      <Filter>physics\Base\Objects\BodyEffectors</Filter>
    </ClInclude>
    <ClInclude Include="PHContactBodyEffector.h">
      <Filter>physics\Base\Objects\BodyEffectors</Filter>
    </ClInclude>
    <ClInclude Include="..\xrServerEntities\PHNetState.h">
      <Filter>physics\Base\Objects\PHNet</Filter>
    </ClInclude>
    <ClInclude Include="PHMoveStorage.h">
      <Filter>physics\Base\Objects\MoveStorage</Filter>
    </ClInclude>
    <ClInclude Include="DisablingParams.h">
      <Filter>physics\Base\Objects\Disabling</Filter>
    </ClInclude>
    <ClInclude Include="PHDisabling.h">
      <Filter>physics\Base\Objects\Disabling</Filter>
    </ClInclude>
    <ClInclude Include="PHActorCharacter.h">
      <Filter>physics\Base\Objects\PhyMove\ActorCaracter</Filter>
    </ClInclude>
    <ClInclude Include="PHActorCharacterInline.h">
      <Filter>physics\Base\Objects\PhyMove\ActorCaracter</Filter>
    </ClInclude>
    <ClInclude Include="PHAICharacter.h">
      <Filter>physics\Base\Objects\PhyMove\AICharacter</Filter>
    </ClInclude>
    <ClInclude Include="IPHCapture.h">
      <Filter>physics\Base\Objects\PhyMove\Capture</Filter>
    </ClInclude>
    <ClInclude Include="PHCapture.h">
      <Filter>physics\Base\Objects\PhyMove\Capture</Filter>
    </ClInclude>
    <ClInclude Include="ElevatorState.h">
      <Filter>physics\Base\Objects\PhyMove\SipmpleCharacter</Filter>
    </ClInclude>
    <ClInclude Include="iclimableobject.h">
      <Filter>physics\Base\Objects\PhyMove\SipmpleCharacter</Filter>
    </ClInclude>
    <ClInclude Include="IElevatorState.h">
      <Filter>physics\Base\Objects\PhyMove\SipmpleCharacter</Filter>
    </ClInclude>
    <ClInclude Include="PHSimpleCharacter.h">
      <Filter>physics\Base\Objects\PhyMove\SipmpleCharacter</Filter>
    </ClInclude>
    <ClInclude Include="PHSimpleCharacterInline.h">
      <Filter>physics\Base\Objects\PhyMove\SipmpleCharacter</Filter>
    </ClInclude>
    <ClInclude Include="IColisiondamageInfo.h">
      <Filter>physics\Base\Objects\PhyMove\BaseCharacter</Filter>
    </ClInclude>
    <ClInclude Include="MovementBoxDynamicActivate.h">
      <Filter>physics\Base\Objects\PhyMove\BaseCharacter</Filter>
    </ClInclude>
    <ClInclude Include="PHCharacter.h">
      <Filter>physics\Base\Objects\PhyMove\BaseCharacter</Filter>
    </ClInclude>
    <ClInclude Include="IPhysicsShellHolder.h">
      <Filter>physics\Base\Objects\BaseShell</Filter>
    </ClInclude>
    <ClInclude Include="PhysicsShell.h">
      <Filter>physics\Base\Objects\BaseShell</Filter>
    </ClInclude>
    <ClInclude Include="PhysicsShellAnimator.h">
      <Filter>physics\Base\Objects\BaseShell\PhysicsShellAnimator</Filter>
    </ClInclude>
    <ClInclude Include="PhysicsShellAnimatorBoneData.h">
      <Filter>physics\Base\Objects\BaseShell\PhysicsShellAnimator</Filter>
    </ClInclude>
    <ClInclude Include="PHElement.h">
      <Filter>physics\Base\Objects\Element</Filter>
    </ClInclude>
    <ClInclude Include="PHElementInline.h">
      <Filter>physics\Base\Objects\Element</Filter>
    </ClInclude>
    <ClInclude Include="ExtendedGeom.h">
      <Filter>physics\Base\Objects\Element\Geom</Filter>
    </ClInclude>
    <ClInclude Include="Geometry.h">
      <Filter>physics\Base\Objects\Element\Geom</Filter>
    </ClInclude>
    <ClInclude Include="PHGeometryOwner.h">
      <Filter>physics\Base\Objects\Element\Geom</Filter>
    </ClInclude>
    <ClInclude Include="PHJoint.h">
      <Filter>physics\Base\Objects\Joint</Filter>
    </ClInclude>
    <ClInclude Include="PHShell.h">
      <Filter>physics\Base\Objects\Shell</Filter>
    </ClInclude>
    <ClInclude Include="PHShellBuildJoint.h">
      <Filter>physics\Base\Objects\Shell</Filter>
    </ClInclude>
    <ClInclude Include="PHFracture.h">
      <Filter>physics\Base\Objects\Breakable</Filter>
    </ClInclude>
    <ClInclude Include="PHJointDestroyInfo.h">
      <Filter>physics\Base\Objects\Breakable</Filter>
    </ClInclude>
    <ClInclude Include="PHShellSplitter.h">
      <Filter>physics\Base\Objects\Breakable</Filter>
    </ClInclude>
    <ClInclude Include="PHSplitedShell.h">
      <Filter>physics\Base\Objects\SplitedShell</Filter>
    </ClInclude>
    <ClInclude Include="PHObject.h">
      <Filter>physics\Base\Objects\PHObject</Filter>
    </ClInclude>
    <ClInclude Include="PHUpdateObject.h">
      <Filter>physics\Base\Objects\PHObject</Filter>
    </ClInclude>
    <ClInclude Include="PHIsland.h">
      <Filter>physics\Base\Objects\PHIsland</Filter>
    </ClInclude>
    <ClInclude Include="GeometryBits.h">
      <Filter>physics\Base\Objects\World</Filter>
    </ClInclude>
    <ClInclude Include="IPHWorld.h">
      <Filter>physics\Base\Objects\World</Filter>
    </ClInclude>
    <ClInclude Include="params.h">
      <Filter>physics\Base\Objects\World</Filter>
    </ClInclude>
    <ClInclude Include="PHItemList.h">
      <Filter>physics\Base\Objects\World</Filter>
    </ClInclude>
    <ClInclude Include="PHWorld.h">
      <Filter>physics\Base\Objects\World</Filter>
    </ClInclude>
    <ClInclude Include="Physics.h">
      <Filter>physics\Base\Objects\World</Filter>
    </ClInclude>
    <ClInclude Include="ICollideValidator.h">
      <Filter>physics\Base\Objects\CollideValidator</Filter>
    </ClInclude>
    <ClInclude Include="PHCollideValidator.h">
      <Filter>physics\Base\Objects\CollideValidator</Filter>
    </ClInclude>
    <ClInclude Include="IPHStaticGeomShell.h">
      <Filter>physics\Base\Objects\StaticShell</Filter>
    </ClInclude>
    <ClInclude Include="PHStaticGeomShell.h">
      <Filter>physics\Base\Objects\StaticShell</Filter>
    </ClInclude>
    <ClInclude Include="iphysics_scripted.h">
      <Filter>physics\Base\Objects\script</Filter>
    </ClInclude>
    <ClInclude Include="physics_scripted.h">
      <Filter>physics\Base\Objects\script</Filter>
    </ClInclude>
    <ClInclude Include="PHImpact.h">
      <Filter>physics\Base\Impact</Filter>
    </ClInclude>
    <ClInclude Include="debug_output.h">
      <Filter>physics\Base\Debug</Filter>
    </ClInclude>
    <ClInclude Include="ActorCameraCollision.h">
      <Filter>physics\camera_collision</Filter>
    </ClInclude>
    <ClInclude Include="icollisiondamagereceiver.h">
      <Filter>physics\damage_receiver</Filter>
    </ClInclude>
  </ItemGroup>
</Project>